
Microsoft Visual Studio Solution File, Format Version 12.00
# Visual Studio Version 17
VisualStudioVersion = 17.14.36119.2
MinimumVisualStudioVersion = 10.0.40219.1
Project("{FAE04EC0-301F-11D3-BF4B-00C04F79EFBC}") = "Islamic_Face_Data_Access", "Islamic_Face_Data_Access\Islamic_Face_Data_Access.csproj", "{09905306-617F-4F5D-A33B-588059DE6C2D}"
EndProject
Project("{FAE04EC0-301F-11D3-BF4B-00C04F79EFBC}") = "Islamic_Face_Business_Access", "Islamic_Face_Business_Access\Islamic_Face_Business_Access.csproj", "{BB260F6E-016E-4CA2-857D-34B4B72FDE84}"
EndProject
Project("{FAE04EC0-301F-11D3-BF4B-00C04F79EFBC}") = "Islamic_Face.API", "Islamic_Face.API\Islamic_Face.API.csproj", "{C9B42395-52D5-48B8-97C2-5FB3FE1CC654}"
EndProject
Global
	GlobalSection(SolutionConfigurationPlatforms) = preSolution
		Debug|Any CPU = Debug|Any CPU
		Release|Any CPU = Release|Any CPU
	EndGlobalSection
	GlobalSection(ProjectConfigurationPlatforms) = postSolution
		{09905306-617F-4F5D-A33B-588059DE6C2D}.Debug|Any CPU.ActiveCfg = Debug|Any CPU
		{09905306-617F-4F5D-A33B-588059DE6C2D}.Debug|Any CPU.Build.0 = Debug|Any CPU
		{09905306-617F-4F5D-A33B-588059DE6C2D}.Release|Any CPU.ActiveCfg = Release|Any CPU
		{09905306-617F-4F5D-A33B-588059DE6C2D}.Release|Any CPU.Build.0 = Release|Any CPU
		{BB260F6E-016E-4CA2-857D-34B4B72FDE84}.Debug|Any CPU.ActiveCfg = Debug|Any CPU
		{BB260F6E-016E-4CA2-857D-34B4B72FDE84}.Debug|Any CPU.Build.0 = Debug|Any CPU
		{BB260F6E-016E-4CA2-857D-34B4B72FDE84}.Release|Any CPU.ActiveCfg = Release|Any CPU
		{BB260F6E-016E-4CA2-857D-34B4B72FDE84}.Release|Any CPU.Build.0 = Release|Any CPU
		{C9B42395-52D5-48B8-97C2-5FB3FE1CC654}.Debug|Any CPU.ActiveCfg = Debug|Any CPU
		{C9B42395-52D5-48B8-97C2-5FB3FE1CC654}.Debug|Any CPU.Build.0 = Debug|Any CPU
		{C9B42395-52D5-48B8-97C2-5FB3FE1CC654}.Release|Any CPU.ActiveCfg = Release|Any CPU
		{C9B42395-52D5-48B8-97C2-5FB3FE1CC654}.Release|Any CPU.Build.0 = Release|Any CPU
	EndGlobalSection
	GlobalSection(SolutionProperties) = preSolution
		HideSolutionNode = FALSE
	EndGlobalSection
	GlobalSection(ExtensibilityGlobals) = postSolution
		SolutionGuid = {7ECDACA4-2025-4C65-8179-10757AD6195D}
	EndGlobalSection
EndGlobal
